
Microsoft Visual Studio Solution File, Format Version 11.00
# Visual Studio 2010
Project("{FAE04EC0-301F-11D3-BF4B-00C04F79EFBC}") = "SIK", "SIK\SIK.csproj", "{F2DB59E6-98AC-4B04-8C07-2B2C836AF5D1}"
EndProject
Global
	GlobalSection(SolutionConfigurationPlatforms) = preSolution
		Debug|Any CPU = Debug|Any CPU
		Release|Any CPU = Release|Any CPU
	EndGlobalSection
	GlobalSection(ProjectConfigurationPlatforms) = postSolution
		{F2DB59E6-98AC-4B04-8C07-2B2C836AF5D1}.Debug|Any CPU.ActiveCfg = Debug|Any CPU
		{F2DB59E6-98AC-4B04-8C07-2B2C836AF5D1}.Debug|Any CPU.Build.0 = Debug|Any CPU
		{F2DB59E6-98AC-4B04-8C07-2B2C836AF5D1}.Release|Any CPU.ActiveCfg = Release|Any CPU
		{F2DB59E6-98AC-4B04-8C07-2B2C836AF5D1}.Release|Any CPU.Build.0 = Release|Any CPU
	EndGlobalSection
	GlobalSection(SolutionProperties) = preSolution
		HideSolutionNode = FALSE
	EndGlobalSection
EndGlobal
